
Microsoft Visual Studio Solution File, Format Version 12.00
# Visual Studio Version 17
VisualStudioVersion = 17.4.33122.133
MinimumVisualStudioVersion = 10.0.40219.1
Project("{FAE04EC0-301F-11D3-BF4B-00C04F79EFBC}") = "WebApplication92", "WebApplication92\WebApplication92.csproj", "{412AEE3E-A1B5-4D0F-AF01-071B3A74C484}"
EndProject
Global
	GlobalSection(SolutionConfigurationPlatforms) = preSolution
		Debug|Any CPU = Debug|Any CPU
		Release|Any CPU = Release|Any CPU
	EndGlobalSection
	GlobalSection(ProjectConfigurationPlatforms) = postSolution
		{412AEE3E-A1B5-4D0F-AF01-071B3A74C484}.Debug|Any CPU.ActiveCfg = Debug|Any CPU
		{412AEE3E-A1B5-4D0F-AF01-071B3A74C484}.Debug|Any CPU.Build.0 = Debug|Any CPU
		{412AEE3E-A1B5-4D0F-AF01-071B3A74C484}.Release|Any CPU.ActiveCfg = Release|Any CPU
		{412AEE3E-A1B5-4D0F-AF01-071B3A74C484}.Release|Any CPU.Build.0 = Release|Any CPU
	EndGlobalSection
	GlobalSection(SolutionProperties) = preSolution
		HideSolutionNode = FALSE
	EndGlobalSection
	GlobalSection(ExtensibilityGlobals) = postSolution
		SolutionGuid = {D19E619A-998F-42D7-A474-76D5F26D5FEF}
	EndGlobalSection
EndGlobal
